<?xml version="1.0" encoding="UTF-8" standalone="yes" ?>
<CodeBlocks_project_file>
	<FileVersion major="1" minor="6" />
	<Project>
		<Option title="nagyhazi" />
		<Option pch_mode="2" />
		<Option compiler="gcc" />
		<Build>
			<Target title="Debug">
				<Option output="bin/Debug/nagyhazi" prefix_auto="1" extension_auto="1" />
				<Option object_output="obj/Debug/" />
				<Option type="1" />
				<Option compiler="gcc" />
				<Option parameters="matrix_10csucsu_csak_hurokel.txt" />
				<Compiler>
					<Add option="-g" />
					<Add option="-DMEMTRACE" />
				</Compiler>
			</Target>
			<Target title="Release">
				<Option output="bin/Release/nagyhazi" prefix_auto="1" extension_auto="1" />
				<Option object_output="obj/Release/" />
				<Option type="1" />
				<Option compiler="gcc" />
				<Compiler>
					<Add option="-O2" />
				</Compiler>
				<Linker>
					<Add option="-s" />
				</Linker>
			</Target>
		</Build>
		<Compiler>
			<Add option="-Wall" />
			<Add option="-fexceptions" />
		</Compiler>
		<Unit filename="beolvaso.cpp" />
		<Unit filename="beolvaso.h" />
		<Unit filename="csucs.cpp" />
		<Unit filename="csucs.h" />
		<Unit filename="graf.cpp" />
		<Unit filename="graf.h" />
		<Unit filename="graftarolo.cpp" />
		<Unit filename="graftarolo.h" />
		<Unit filename="gtest_lite.h" />
		<Unit filename="main.cpp" />
		<Unit filename="memtrace.cpp" />
		<Unit filename="memtrace.h" />
		<Unit filename="tesztek.cpp" />
		<Unit filename="tesztek.h" />
		<Extensions>
			<lib_finder disable_auto="1" />
		</Extensions>
	</Project>
</CodeBlocks_project_file>
